
Microsoft Visual Studio Solution File, Format Version 12.00
# Visual Studio Version 17
VisualStudioVersion = 17.0.31903.59
MinimumVisualStudioVersion = 10.0.40219.1
Project("{FAE04EC0-301F-11D3-BF4B-00C04F79EFBC}") = "PoConnectFive.Client", "PoConnectFive.Client\PoConnectFive.Client.csproj", "{1306FC57-B6BA-4611-8E7C-DB7A55EAFC46}"
EndProject
Project("{FAE04EC0-301F-11D3-BF4B-00C04F79EFBC}") = "PoConnectFive.Server", "PoConnectFive.Server\PoConnectFive.Server.csproj", "{A511EB7D-ECB7-4EE8-B44A-95A6275E8574}"
EndProject
Project("{FAE04EC0-301F-11D3-BF4B-00C04F79EFBC}") = "PoConnectFive.Shared", "PoConnectFive.Shared\PoConnectFive.Shared.csproj", "{B5823924-76D1-4C65-A4F9-67AF8D555C5B}"
EndProject
Project("{FAE04EC0-301F-11D3-BF4B-00C04F79EFBC}") = "PoConnectFive.Tests", "PoConnectFive.Tests\PoConnectFive.Tests.csproj", "{7CA50049-5CE2-498E-A32D-21A796321B0E}"
EndProject
Global
	GlobalSection(SolutionConfigurationPlatforms) = preSolution
		Debug|Any CPU = Debug|Any CPU
		Debug|x64 = Debug|x64
		Debug|x86 = Debug|x86
		Release|Any CPU = Release|Any CPU
		Release|x64 = Release|x64
		Release|x86 = Release|x86
	EndGlobalSection
	GlobalSection(ProjectConfigurationPlatforms) = postSolution
		{1306FC57-B6BA-4611-8E7C-DB7A55EAFC46}.Debug|Any CPU.ActiveCfg = Debug|Any CPU
		{1306FC57-B6BA-4611-8E7C-DB7A55EAFC46}.Debug|Any CPU.Build.0 = Debug|Any CPU
		{1306FC57-B6BA-4611-8E7C-DB7A55EAFC46}.Debug|x64.ActiveCfg = Debug|Any CPU
		{1306FC57-B6BA-4611-8E7C-DB7A55EAFC46}.Debug|x64.Build.0 = Debug|Any CPU
		{1306FC57-B6BA-4611-8E7C-DB7A55EAFC46}.Debug|x86.ActiveCfg = Debug|Any CPU
		{1306FC57-B6BA-4611-8E7C-DB7A55EAFC46}.Debug|x86.Build.0 = Debug|Any CPU
		{1306FC57-B6BA-4611-8E7C-DB7A55EAFC46}.Release|Any CPU.ActiveCfg = Release|Any CPU
		{1306FC57-B6BA-4611-8E7C-DB7A55EAFC46}.Release|Any CPU.Build.0 = Release|Any CPU
		{1306FC57-B6BA-4611-8E7C-DB7A55EAFC46}.Release|x64.ActiveCfg = Release|Any CPU
		{1306FC57-B6BA-4611-8E7C-DB7A55EAFC46}.Release|x64.Build.0 = Release|Any CPU
		{1306FC57-B6BA-4611-8E7C-DB7A55EAFC46}.Release|x86.ActiveCfg = Release|Any CPU
		{1306FC57-B6BA-4611-8E7C-DB7A55EAFC46}.Release|x86.Build.0 = Release|Any CPU
		{A511EB7D-ECB7-4EE8-B44A-95A6275E8574}.Debug|Any CPU.ActiveCfg = Debug|Any CPU
		{A511EB7D-ECB7-4EE8-B44A-95A6275E8574}.Debug|Any CPU.Build.0 = Debug|Any CPU
		{A511EB7D-ECB7-4EE8-B44A-95A6275E8574}.Debug|x64.ActiveCfg = Debug|Any CPU
		{A511EB7D-ECB7-4EE8-B44A-95A6275E8574}.Debug|x64.Build.0 = Debug|Any CPU
		{A511EB7D-ECB7-4EE8-B44A-95A6275E8574}.Debug|x86.ActiveCfg = Debug|Any CPU
		{A511EB7D-ECB7-4EE8-B44A-95A6275E8574}.Debug|x86.Build.0 = Debug|Any CPU
		{A511EB7D-ECB7-4EE8-B44A-95A6275E8574}.Release|Any CPU.ActiveCfg = Release|Any CPU
		{A511EB7D-ECB7-4EE8-B44A-95A6275E8574}.Release|Any CPU.Build.0 = Release|Any CPU
		{A511EB7D-ECB7-4EE8-B44A-95A6275E8574}.Release|x64.ActiveCfg = Release|Any CPU
		{A511EB7D-ECB7-4EE8-B44A-95A6275E8574}.Release|x64.Build.0 = Release|Any CPU
		{A511EB7D-ECB7-4EE8-B44A-95A6275E8574}.Release|x86.ActiveCfg = Release|Any CPU
		{A511EB7D-ECB7-4EE8-B44A-95A6275E8574}.Release|x86.Build.0 = Release|Any CPU
		{B5823924-76D1-4C65-A4F9-67AF8D555C5B}.Debug|Any CPU.ActiveCfg = Debug|Any CPU
		{B5823924-76D1-4C65-A4F9-67AF8D555C5B}.Debug|Any CPU.Build.0 = Debug|Any CPU
		{B5823924-76D1-4C65-A4F9-67AF8D555C5B}.Debug|x64.ActiveCfg = Debug|Any CPU
		{B5823924-76D1-4C65-A4F9-67AF8D555C5B}.Debug|x64.Build.0 = Debug|Any CPU
		{B5823924-76D1-4C65-A4F9-67AF8D555C5B}.Debug|x86.ActiveCfg = Debug|Any CPU
		{B5823924-76D1-4C65-A4F9-67AF8D555C5B}.Debug|x86.Build.0 = Debug|Any CPU
		{B5823924-76D1-4C65-A4F9-67AF8D555C5B}.Release|Any CPU.ActiveCfg = Release|Any CPU
		{B5823924-76D1-4C65-A4F9-67AF8D555C5B}.Release|Any CPU.Build.0 = Release|Any CPU
		{B5823924-76D1-4C65-A4F9-67AF8D555C5B}.Release|x64.ActiveCfg = Release|Any CPU
		{B5823924-76D1-4C65-A4F9-67AF8D555C5B}.Release|x64.Build.0 = Release|Any CPU
		{B5823924-76D1-4C65-A4F9-67AF8D555C5B}.Release|x86.ActiveCfg = Release|Any CPU
		{B5823924-76D1-4C65-A4F9-67AF8D555C5B}.Release|x86.Build.0 = Release|Any CPU
		{7CA50049-5CE2-498E-A32D-21A796321B0E}.Debug|Any CPU.ActiveCfg = Debug|Any CPU
		{7CA50049-5CE2-498E-A32D-21A796321B0E}.Debug|Any CPU.Build.0 = Debug|Any CPU
		{7CA50049-5CE2-498E-A32D-21A796321B0E}.Debug|x64.ActiveCfg = Debug|Any CPU
		{7CA50049-5CE2-498E-A32D-21A796321B0E}.Debug|x64.Build.0 = Debug|Any CPU
		{7CA50049-5CE2-498E-A32D-21A796321B0E}.Debug|x86.ActiveCfg = Debug|Any CPU
		{7CA50049-5CE2-498E-A32D-21A796321B0E}.Debug|x86.Build.0 = Debug|Any CPU
		{7CA50049-5CE2-498E-A32D-21A796321B0E}.Release|Any CPU.ActiveCfg = Release|Any CPU
		{7CA50049-5CE2-498E-A32D-21A796321B0E}.Release|Any CPU.Build.0 = Release|Any CPU
		{7CA50049-5CE2-498E-A32D-21A796321B0E}.Release|x64.ActiveCfg = Release|Any CPU
		{7CA50049-5CE2-498E-A32D-21A796321B0E}.Release|x64.Build.0 = Release|Any CPU
		{7CA50049-5CE2-498E-A32D-21A796321B0E}.Release|x86.ActiveCfg = Release|Any CPU
		{7CA50049-5CE2-498E-A32D-21A796321B0E}.Release|x86.Build.0 = Release|Any CPU
	EndGlobalSection
	GlobalSection(SolutionProperties) = preSolution
		HideSolutionNode = FALSE
	EndGlobalSection
EndGlobal
