
Microsoft Visual Studio Solution File, Format Version 12.00
# Visual Studio Version 17
VisualStudioVersion = 17.0.31903.59
MinimumVisualStudioVersion = 10.0.40219.1
Project("{FAE04EC0-301F-11D3-BF4B-00C04F79EFBC}") = "Po.ConnectFive.Client", "src\Po.ConnectFive.Client\Po.ConnectFive.Client.csproj", "{1306FC57-B6BA-4611-8E7C-DB7A55EAFC46}"
EndProject
Project("{FAE04EC0-301F-11D3-BF4B-00C04F79EFBC}") = "Po.ConnectFive.Api", "src\Po.ConnectFive.Api\Po.ConnectFive.Api.csproj", "{A511EB7D-ECB7-4EE8-B44A-95A6275E8574}"
EndProject
Project("{FAE04EC0-301F-11D3-BF4B-00C04F79EFBC}") = "Po.ConnectFive.Shared", "src\Po.ConnectFive.Shared\Po.ConnectFive.Shared.csproj", "{B5823924-76D1-4C65-A4F9-67AF8D555C5B}"
EndProject
Project("{FAE04EC0-301F-11D3-BF4B-00C04F79EFBC}") = "Po.ConnectFive.Tests", "tests\Po.ConnectFive.Tests\Po.ConnectFive.Tests.csproj", "{7CA50049-5CE2-498E-A32D-21A796321B0E}"
EndProject
Project("{FAE04EC0-301F-11D3-BF4B-00C04F79EFBC}") = "PoConnectFive.AppHost", "src\PoConnectFive.AppHost\PoConnectFive.AppHost.csproj", "{D8F52E3A-1B1E-4C3F-9A2B-5E4F7D8A6B9C}"
EndProject
Project("{FAE04EC0-301F-11D3-BF4B-00C04F79EFBC}") = "PoConnectFive.ServiceDefaults", "src\PoConnectFive.ServiceDefaults\PoConnectFive.ServiceDefaults.csproj", "{E9F63A2B-2C4D-5E6F-8A9B-0C1D2E3F4A5B}"
EndProject
Project("{2150E333-8FDC-42A3-9474-1A3956D46DE8}") = "src", "src", "{A1B2C3D4-E5F6-7890-ABCD-EF1234567890}"
EndProject
Project("{2150E333-8FDC-42A3-9474-1A3956D46DE8}") = "tests", "tests", "{B2C3D4E5-F6A7-8901-BCDE-F23456789012}"
EndProject
Global
	GlobalSection(SolutionConfigurationPlatforms) = preSolution
		Debug|Any CPU = Debug|Any CPU
		Debug|x64 = Debug|x64
		Debug|x86 = Debug|x86
		Release|Any CPU = Release|Any CPU
		Release|x64 = Release|x64
		Release|x86 = Release|x86
	EndGlobalSection
	GlobalSection(ProjectConfigurationPlatforms) = postSolution
		{1306FC57-B6BA-4611-8E7C-DB7A55EAFC46}.Debug|Any CPU.ActiveCfg = Debug|Any CPU
		{1306FC57-B6BA-4611-8E7C-DB7A55EAFC46}.Debug|Any CPU.Build.0 = Debug|Any CPU
		{1306FC57-B6BA-4611-8E7C-DB7A55EAFC46}.Debug|x64.ActiveCfg = Debug|Any CPU
		{1306FC57-B6BA-4611-8E7C-DB7A55EAFC46}.Debug|x64.Build.0 = Debug|Any CPU
		{1306FC57-B6BA-4611-8E7C-DB7A55EAFC46}.Debug|x86.ActiveCfg = Debug|Any CPU
		{1306FC57-B6BA-4611-8E7C-DB7A55EAFC46}.Debug|x86.Build.0 = Debug|Any CPU
		{1306FC57-B6BA-4611-8E7C-DB7A55EAFC46}.Release|Any CPU.ActiveCfg = Release|Any CPU
		{1306FC57-B6BA-4611-8E7C-DB7A55EAFC46}.Release|Any CPU.Build.0 = Release|Any CPU
		{1306FC57-B6BA-4611-8E7C-DB7A55EAFC46}.Release|x64.ActiveCfg = Release|Any CPU
		{1306FC57-B6BA-4611-8E7C-DB7A55EAFC46}.Release|x64.Build.0 = Release|Any CPU
		{1306FC57-B6BA-4611-8E7C-DB7A55EAFC46}.Release|x86.ActiveCfg = Release|Any CPU
		{1306FC57-B6BA-4611-8E7C-DB7A55EAFC46}.Release|x86.Build.0 = Release|Any CPU
		{A511EB7D-ECB7-4EE8-B44A-95A6275E8574}.Debug|Any CPU.ActiveCfg = Debug|Any CPU
		{A511EB7D-ECB7-4EE8-B44A-95A6275E8574}.Debug|Any CPU.Build.0 = Debug|Any CPU
		{A511EB7D-ECB7-4EE8-B44A-95A6275E8574}.Debug|x64.ActiveCfg = Debug|Any CPU
		{A511EB7D-ECB7-4EE8-B44A-95A6275E8574}.Debug|x64.Build.0 = Debug|Any CPU
		{A511EB7D-ECB7-4EE8-B44A-95A6275E8574}.Debug|x86.ActiveCfg = Debug|Any CPU
		{A511EB7D-ECB7-4EE8-B44A-95A6275E8574}.Debug|x86.Build.0 = Debug|Any CPU
		{A511EB7D-ECB7-4EE8-B44A-95A6275E8574}.Release|Any CPU.ActiveCfg = Release|Any CPU
		{A511EB7D-ECB7-4EE8-B44A-95A6275E8574}.Release|Any CPU.Build.0 = Release|Any CPU
		{A511EB7D-ECB7-4EE8-B44A-95A6275E8574}.Release|x64.ActiveCfg = Release|Any CPU
		{A511EB7D-ECB7-4EE8-B44A-95A6275E8574}.Release|x64.Build.0 = Release|Any CPU
		{A511EB7D-ECB7-4EE8-B44A-95A6275E8574}.Release|x86.ActiveCfg = Release|Any CPU
		{A511EB7D-ECB7-4EE8-B44A-95A6275E8574}.Release|x86.Build.0 = Release|Any CPU
		{B5823924-76D1-4C65-A4F9-67AF8D555C5B}.Debug|Any CPU.ActiveCfg = Debug|Any CPU
		{B5823924-76D1-4C65-A4F9-67AF8D555C5B}.Debug|Any CPU.Build.0 = Debug|Any CPU
		{B5823924-76D1-4C65-A4F9-67AF8D555C5B}.Debug|x64.ActiveCfg = Debug|Any CPU
		{B5823924-76D1-4C65-A4F9-67AF8D555C5B}.Debug|x64.Build.0 = Debug|Any CPU
		{B5823924-76D1-4C65-A4F9-67AF8D555C5B}.Debug|x86.ActiveCfg = Debug|Any CPU
		{B5823924-76D1-4C65-A4F9-67AF8D555C5B}.Debug|x86.Build.0 = Debug|Any CPU
		{B5823924-76D1-4C65-A4F9-67AF8D555C5B}.Release|Any CPU.ActiveCfg = Release|Any CPU
		{B5823924-76D1-4C65-A4F9-67AF8D555C5B}.Release|Any CPU.Build.0 = Release|Any CPU
		{B5823924-76D1-4C65-A4F9-67AF8D555C5B}.Release|x64.ActiveCfg = Release|Any CPU
		{B5823924-76D1-4C65-A4F9-67AF8D555C5B}.Release|x64.Build.0 = Release|Any CPU
		{B5823924-76D1-4C65-A4F9-67AF8D555C5B}.Release|x86.ActiveCfg = Release|Any CPU
		{B5823924-76D1-4C65-A4F9-67AF8D555C5B}.Release|x86.Build.0 = Release|Any CPU
		{7CA50049-5CE2-498E-A32D-21A796321B0E}.Debug|Any CPU.ActiveCfg = Debug|Any CPU
		{7CA50049-5CE2-498E-A32D-21A796321B0E}.Debug|Any CPU.Build.0 = Debug|Any CPU
		{7CA50049-5CE2-498E-A32D-21A796321B0E}.Debug|x64.ActiveCfg = Debug|Any CPU
		{7CA50049-5CE2-498E-A32D-21A796321B0E}.Debug|x64.Build.0 = Debug|Any CPU
		{7CA50049-5CE2-498E-A32D-21A796321B0E}.Debug|x86.ActiveCfg = Debug|Any CPU
		{7CA50049-5CE2-498E-A32D-21A796321B0E}.Debug|x86.Build.0 = Debug|Any CPU
		{7CA50049-5CE2-498E-A32D-21A796321B0E}.Release|Any CPU.ActiveCfg = Release|Any CPU
		{7CA50049-5CE2-498E-A32D-21A796321B0E}.Release|Any CPU.Build.0 = Release|Any CPU
		{7CA50049-5CE2-498E-A32D-21A796321B0E}.Release|x64.ActiveCfg = Release|Any CPU
		{7CA50049-5CE2-498E-A32D-21A796321B0E}.Release|x64.Build.0 = Release|Any CPU
		{7CA50049-5CE2-498E-A32D-21A796321B0E}.Release|x86.ActiveCfg = Release|Any CPU
		{7CA50049-5CE2-498E-A32D-21A796321B0E}.Release|x86.Build.0 = Release|Any CPU
		{D8F52E3A-1B1E-4C3F-9A2B-5E4F7D8A6B9C}.Debug|Any CPU.ActiveCfg = Debug|Any CPU
		{D8F52E3A-1B1E-4C3F-9A2B-5E4F7D8A6B9C}.Debug|Any CPU.Build.0 = Debug|Any CPU
		{D8F52E3A-1B1E-4C3F-9A2B-5E4F7D8A6B9C}.Debug|x64.ActiveCfg = Debug|Any CPU
		{D8F52E3A-1B1E-4C3F-9A2B-5E4F7D8A6B9C}.Debug|x64.Build.0 = Debug|Any CPU
		{D8F52E3A-1B1E-4C3F-9A2B-5E4F7D8A6B9C}.Debug|x86.ActiveCfg = Debug|Any CPU
		{D8F52E3A-1B1E-4C3F-9A2B-5E4F7D8A6B9C}.Debug|x86.Build.0 = Debug|Any CPU
		{D8F52E3A-1B1E-4C3F-9A2B-5E4F7D8A6B9C}.Release|Any CPU.ActiveCfg = Release|Any CPU
		{D8F52E3A-1B1E-4C3F-9A2B-5E4F7D8A6B9C}.Release|Any CPU.Build.0 = Release|Any CPU
		{D8F52E3A-1B1E-4C3F-9A2B-5E4F7D8A6B9C}.Release|x64.ActiveCfg = Release|Any CPU
		{D8F52E3A-1B1E-4C3F-9A2B-5E4F7D8A6B9C}.Release|x64.Build.0 = Release|Any CPU
		{D8F52E3A-1B1E-4C3F-9A2B-5E4F7D8A6B9C}.Release|x86.ActiveCfg = Release|Any CPU
		{D8F52E3A-1B1E-4C3F-9A2B-5E4F7D8A6B9C}.Release|x86.Build.0 = Release|Any CPU
		{E9F63A2B-2C4D-5E6F-8A9B-0C1D2E3F4A5B}.Debug|Any CPU.ActiveCfg = Debug|Any CPU
		{E9F63A2B-2C4D-5E6F-8A9B-0C1D2E3F4A5B}.Debug|Any CPU.Build.0 = Debug|Any CPU
		{E9F63A2B-2C4D-5E6F-8A9B-0C1D2E3F4A5B}.Debug|x64.ActiveCfg = Debug|Any CPU
		{E9F63A2B-2C4D-5E6F-8A9B-0C1D2E3F4A5B}.Debug|x64.Build.0 = Debug|Any CPU
		{E9F63A2B-2C4D-5E6F-8A9B-0C1D2E3F4A5B}.Debug|x86.ActiveCfg = Debug|Any CPU
		{E9F63A2B-2C4D-5E6F-8A9B-0C1D2E3F4A5B}.Debug|x86.Build.0 = Debug|Any CPU
		{E9F63A2B-2C4D-5E6F-8A9B-0C1D2E3F4A5B}.Release|Any CPU.ActiveCfg = Release|Any CPU
		{E9F63A2B-2C4D-5E6F-8A9B-0C1D2E3F4A5B}.Release|Any CPU.Build.0 = Release|Any CPU
		{E9F63A2B-2C4D-5E6F-8A9B-0C1D2E3F4A5B}.Release|x64.ActiveCfg = Release|Any CPU
		{E9F63A2B-2C4D-5E6F-8A9B-0C1D2E3F4A5B}.Release|x64.Build.0 = Release|Any CPU
		{E9F63A2B-2C4D-5E6F-8A9B-0C1D2E3F4A5B}.Release|x86.ActiveCfg = Release|Any CPU
		{E9F63A2B-2C4D-5E6F-8A9B-0C1D2E3F4A5B}.Release|x86.Build.0 = Release|Any CPU
	EndGlobalSection
	GlobalSection(SolutionProperties) = preSolution
		HideSolutionNode = FALSE
	EndGlobalSection
	GlobalSection(NestedProjects) = preSolution
		{1306FC57-B6BA-4611-8E7C-DB7A55EAFC46} = {A1B2C3D4-E5F6-7890-ABCD-EF1234567890}
		{A511EB7D-ECB7-4EE8-B44A-95A6275E8574} = {A1B2C3D4-E5F6-7890-ABCD-EF1234567890}
		{B5823924-76D1-4C65-A4F9-67AF8D555C5B} = {A1B2C3D4-E5F6-7890-ABCD-EF1234567890}
		{D8F52E3A-1B1E-4C3F-9A2B-5E4F7D8A6B9C} = {A1B2C3D4-E5F6-7890-ABCD-EF1234567890}
		{E9F63A2B-2C4D-5E6F-8A9B-0C1D2E3F4A5B} = {A1B2C3D4-E5F6-7890-ABCD-EF1234567890}
		{7CA50049-5CE2-498E-A32D-21A796321B0E} = {B2C3D4E5-F6A7-8901-BCDE-F23456789012}
	EndGlobalSection
EndGlobal
